// !$*UTF8*$!
{
	archiveVersion = 1;
	classes = {
	};
	objectVersion = 46;
	objects = {

/* Begin PBXBuildFile section */
		032A15421F3CFABF00184BA9 /* UILabel+Size.swift in Sources */ = {isa = PBXBuildFile; fileRef = 032A15411F3CFABF00184BA9 /* UILabel+Size.swift */; };
		033FB5351F3E2682009D6920 /* UIViewController+Keyboard.swift in Sources */ = {isa = PBXBuildFile; fileRef = 033FB5341F3E2682009D6920 /* UIViewController+Keyboard.swift */; };
		03406D431F3A6F5A0035EA67 /* AnimationForwarder.swift in Sources */ = {isa = PBXBuildFile; fileRef = 03406D421F3A6F5A0035EA67 /* AnimationForwarder.swift */; };
		03406D451F3A6F730035EA67 /* ASPVideoPlayer.swift in Sources */ = {isa = PBXBuildFile; fileRef = 03406D441F3A6F730035EA67 /* ASPVideoPlayer.swift */; };
		03406D471F3A6F980035EA67 /* ASPVideoPlayerControls.swift in Sources */ = {isa = PBXBuildFile; fileRef = 03406D461F3A6F980035EA67 /* ASPVideoPlayerControls.swift */; };
		03406D491F3A6FB90035EA67 /* ASPVideoPlayerView.swift in Sources */ = {isa = PBXBuildFile; fileRef = 03406D481F3A6FB90035EA67 /* ASPVideoPlayerView.swift */; };
		03406D4B1F3A6FE30035EA67 /* ControlButtons.swift in Sources */ = {isa = PBXBuildFile; fileRef = 03406D4A1F3A6FE30035EA67 /* ControlButtons.swift */; };
		03406D4D1F3A70060035EA67 /* Loader.swift in Sources */ = {isa = PBXBuildFile; fileRef = 03406D4C1F3A70060035EA67 /* Loader.swift */; };
		03406D4F1F3A70150035EA67 /* Math.swift in Sources */ = {isa = PBXBuildFile; fileRef = 03406D4E1F3A70150035EA67 /* Math.swift */; };
		03406D511F3A702F0035EA67 /* PlayPauseLayer.swift in Sources */ = {isa = PBXBuildFile; fileRef = 03406D501F3A702F0035EA67 /* PlayPauseLayer.swift */; };
		03406D531F3A70490035EA67 /* Scrubber.swift in Sources */ = {isa = PBXBuildFile; fileRef = 03406D521F3A70490035EA67 /* Scrubber.swift */; };
		03B8CDE11F3882610058ABAC /* AnswerCheckboxCell.swift in Sources */ = {isa = PBXBuildFile; fileRef = 03B8CDDF1F3882610058ABAC /* AnswerCheckboxCell.swift */; };
		03B8CDE21F3882610058ABAC /* AnswerCheckboxCell.xib in Resources */ = {isa = PBXBuildFile; fileRef = 03B8CDE01F3882610058ABAC /* AnswerCheckboxCell.xib */; };
		03B8CDE41F3882960058ABAC /* AnswerTest.swift in Sources */ = {isa = PBXBuildFile; fileRef = 03B8CDE31F3882960058ABAC /* AnswerTest.swift */; };
		03B8CDE61F3883B60058ABAC /* QuestionType.swift in Sources */ = {isa = PBXBuildFile; fileRef = 03B8CDE51F3883B60058ABAC /* QuestionType.swift */; };
		03B8CDEA1F3886CC0058ABAC /* UIButton+Touches.swift in Sources */ = {isa = PBXBuildFile; fileRef = 03B8CDE91F3886CC0058ABAC /* UIButton+Touches.swift */; };
		03B8CDEC1F3892F70058ABAC /* AnswerSelectionCell.swift in Sources */ = {isa = PBXBuildFile; fileRef = 03B8CDEB1F3892F70058ABAC /* AnswerSelectionCell.swift */; };
		03B8CDEF1F389A790058ABAC /* AnswerRadiobuttonCell.swift in Sources */ = {isa = PBXBuildFile; fileRef = 03B8CDED1F389A790058ABAC /* AnswerRadiobuttonCell.swift */; };
		03B8CDF01F389A790058ABAC /* AnswerRadiobuttonCell.xib in Resources */ = {isa = PBXBuildFile; fileRef = 03B8CDEE1F389A790058ABAC /* AnswerRadiobuttonCell.xib */; };
		03B917361F39029200CCB979 /* ReplayButton.swift in Sources */ = {isa = PBXBuildFile; fileRef = 03B917351F39029200CCB979 /* ReplayButton.swift */; };
		03B917381F3902A700CCB979 /* ReplayButton.xib in Resources */ = {isa = PBXBuildFile; fileRef = 03B917371F3902A700CCB979 /* ReplayButton.xib */; };
		03D646BB1F30D2CE007C206F /* AppDelegate.swift in Sources */ = {isa = PBXBuildFile; fileRef = 03D646BA1F30D2CE007C206F /* AppDelegate.swift */; };
		03D646C01F30D2CE007C206F /* Main.storyboard in Resources */ = {isa = PBXBuildFile; fileRef = 03D646BE1F30D2CE007C206F /* Main.storyboard */; };
		03D646C21F30D2CE007C206F /* Assets.xcassets in Resources */ = {isa = PBXBuildFile; fileRef = 03D646C11F30D2CE007C206F /* Assets.xcassets */; };
		03D646C51F30D2CE007C206F /* LaunchScreen.storyboard in Resources */ = {isa = PBXBuildFile; fileRef = 03D646C31F30D2CE007C206F /* LaunchScreen.storyboard */; };
		03D646CE1F3200D0007C206F /* UIView+Storyboard.swift in Sources */ = {isa = PBXBuildFile; fileRef = 03D646CD1F3200D0007C206F /* UIView+Storyboard.swift */; };
		03D646D21F320119007C206F /* UIWindow+Root.swift in Sources */ = {isa = PBXBuildFile; fileRef = 03D646D11F320119007C206F /* UIWindow+Root.swift */; };
		03D646D51F32018C007C206F /* BasicVC.swift in Sources */ = {isa = PBXBuildFile; fileRef = 03D646D41F32018C007C206F /* BasicVC.swift */; };
		03D646D71F32021F007C206F /* LoadingView.swift in Sources */ = {isa = PBXBuildFile; fileRef = 03D646D61F32021F007C206F /* LoadingView.swift */; };
		03D646DA1F32023F007C206F /* LoadingView.xib in Resources */ = {isa = PBXBuildFile; fileRef = 03D646D91F32023F007C206F /* LoadingView.xib */; };
		03D646DD1F3202EB007C206F /* MainVC.swift in Sources */ = {isa = PBXBuildFile; fileRef = 03D646DB1F3202EB007C206F /* MainVC.swift */; };
		03D646DE1F3202EB007C206F /* MainVC.xib in Resources */ = {isa = PBXBuildFile; fileRef = 03D646DC1F3202EB007C206F /* MainVC.xib */; };
		03D646E51F32082F007C206F /* QuizTest.swift in Sources */ = {isa = PBXBuildFile; fileRef = 03D646E41F32082F007C206F /* QuizTest.swift */; };
		03D646E81F32099D007C206F /* ImageCashManager.swift in Sources */ = {isa = PBXBuildFile; fileRef = 03D646E71F32099D007C206F /* ImageCashManager.swift */; };
		03D646EC1F320BC0007C206F /* QuizCell.swift in Sources */ = {isa = PBXBuildFile; fileRef = 03D646EA1F320BC0007C206F /* QuizCell.swift */; };
		03D646ED1F320BC0007C206F /* QuizCell.xib in Resources */ = {isa = PBXBuildFile; fileRef = 03D646EB1F320BC0007C206F /* QuizCell.xib */; };
		03D646F01F32183F007C206F /* EventHandler.swift in Sources */ = {isa = PBXBuildFile; fileRef = 03D646EF1F32183F007C206F /* EventHandler.swift */; };
		03D646F41F326E12007C206F /* LineSegmentedControl.swift in Sources */ = {isa = PBXBuildFile; fileRef = 03D646F31F326E12007C206F /* LineSegmentedControl.swift */; };
		03D646F61F326E8F007C206F /* LineSegmentedControl.xib in Resources */ = {isa = PBXBuildFile; fileRef = 03D646F51F326E8F007C206F /* LineSegmentedControl.xib */; };
		03D646F81F326F70007C206F /* LineSegmentedControlCell.swift in Sources */ = {isa = PBXBuildFile; fileRef = 03D646F71F326F70007C206F /* LineSegmentedControlCell.swift */; };
		03D646FA1F326F7A007C206F /* LineSegmentedControlCell.xib in Resources */ = {isa = PBXBuildFile; fileRef = 03D646F91F326F7A007C206F /* LineSegmentedControlCell.xib */; };
		03D646FD1F3271F6007C206F /* LibraryVC.swift in Sources */ = {isa = PBXBuildFile; fileRef = 03D646FB1F3271F6007C206F /* LibraryVC.swift */; };
		03D646FE1F3271F6007C206F /* LibraryVC.xib in Resources */ = {isa = PBXBuildFile; fileRef = 03D646FC1F3271F6007C206F /* LibraryVC.xib */; };
		03D647021F327564007C206F /* NibView.swift in Sources */ = {isa = PBXBuildFile; fileRef = 03D647011F327564007C206F /* NibView.swift */; };
		03D647051F3277A0007C206F /* LevelsVC.swift in Sources */ = {isa = PBXBuildFile; fileRef = 03D647031F3277A0007C206F /* LevelsVC.swift */; };
		03D647061F3277A0007C206F /* LevelsVC.xib in Resources */ = {isa = PBXBuildFile; fileRef = 03D647041F3277A0007C206F /* LevelsVC.xib */; };
		03E4AD6D1F34E2D000EAA33A /* QuizPhoneVC.swift in Sources */ = {isa = PBXBuildFile; fileRef = 03E4AD6B1F34E2D000EAA33A /* QuizPhoneVC.swift */; };
		03E4AD6E1F34E2D000EAA33A /* QuizPhoneVC.xib in Resources */ = {isa = PBXBuildFile; fileRef = 03E4AD6C1F34E2D000EAA33A /* QuizPhoneVC.xib */; };
		03E4AD721F34E3CA00EAA33A /* QuestionCell.swift in Sources */ = {isa = PBXBuildFile; fileRef = 03E4AD701F34E3CA00EAA33A /* QuestionCell.swift */; };
		03E4AD731F34E3CA00EAA33A /* QuestionCell.xib in Resources */ = {isa = PBXBuildFile; fileRef = 03E4AD711F34E3CA00EAA33A /* QuestionCell.xib */; };
		03E4AD771F34E46200EAA33A /* QuestionTest.swift in Sources */ = {isa = PBXBuildFile; fileRef = 03E4AD761F34E46200EAA33A /* QuestionTest.swift */; };
		03E4AD791F34F21A00EAA33A /* CollectionViewCenteredLayout.swift in Sources */ = {isa = PBXBuildFile; fileRef = 03E4AD781F34F21A00EAA33A /* CollectionViewCenteredLayout.swift */; };
		03E4ADA61F386B6000EAA33A /* Solomon-Sans-Black.otf in Resources */ = {isa = PBXBuildFile; fileRef = 03E4ADA01F386B6000EAA33A /* Solomon-Sans-Black.otf */; };
		03E4ADA71F386B6000EAA33A /* Solomon-Sans-Bold.otf in Resources */ = {isa = PBXBuildFile; fileRef = 03E4ADA11F386B6000EAA33A /* Solomon-Sans-Bold.otf */; };
		03E4ADA81F386B6000EAA33A /* Solomon-Sans-Book.otf in Resources */ = {isa = PBXBuildFile; fileRef = 03E4ADA21F386B6000EAA33A /* Solomon-Sans-Book.otf */; };
		03E4ADA91F386B6000EAA33A /* Solomon-Sans-Light.otf in Resources */ = {isa = PBXBuildFile; fileRef = 03E4ADA31F386B6000EAA33A /* Solomon-Sans-Light.otf */; };
		03E4ADAA1F386B6000EAA33A /* Solomon-Sans-Normal.otf in Resources */ = {isa = PBXBuildFile; fileRef = 03E4ADA41F386B6000EAA33A /* Solomon-Sans-Normal.otf */; };
		03E4ADAB1F386B6000EAA33A /* Solomon-Sans-SemiBold.otf in Resources */ = {isa = PBXBuildFile; fileRef = 03E4ADA51F386B6000EAA33A /* Solomon-Sans-SemiBold.otf */; };
		03F5680C1F3348B5000DBFDC /* UIApplication+Orientation.swift in Sources */ = {isa = PBXBuildFile; fileRef = 03F5680B1F3348B5000DBFDC /* UIApplication+Orientation.swift */; };
		03F5680F1F335527000DBFDC /* APIManager.swift in Sources */ = {isa = PBXBuildFile; fileRef = 03F5680E1F335527000DBFDC /* APIManager.swift */; };
		03F568111F335637000DBFDC /* UserDefaultsManager.swift in Sources */ = {isa = PBXBuildFile; fileRef = 03F568101F335637000DBFDC /* UserDefaultsManager.swift */; };
		03F568131F33602E000DBFDC /* Networking.swift in Sources */ = {isa = PBXBuildFile; fileRef = 03F568121F33602E000DBFDC /* Networking.swift */; };
		03F568151F336062000DBFDC /* QRManager.swift in Sources */ = {isa = PBXBuildFile; fileRef = 03F568141F336062000DBFDC /* QRManager.swift */; };
		03F568171F3360AB000DBFDC /* VideoManager.swift in Sources */ = {isa = PBXBuildFile; fileRef = 03F568161F3360AB000DBFDC /* VideoManager.swift */; };
		03F568191F3360D3000DBFDC /* Constants.swift in Sources */ = {isa = PBXBuildFile; fileRef = 03F568181F3360D3000DBFDC /* Constants.swift */; };
		03F5681B1F338165000DBFDC /* AuthorizationManager.swift in Sources */ = {isa = PBXBuildFile; fileRef = 03F5681A1F338165000DBFDC /* AuthorizationManager.swift */; };
		03F5681D1F3383CC000DBFDC /* ICloudModel.swift in Sources */ = {isa = PBXBuildFile; fileRef = 03F5681C1F3383CC000DBFDC /* ICloudModel.swift */; };
		03F5681F1F3383FB000DBFDC /* Token.swift in Sources */ = {isa = PBXBuildFile; fileRef = 03F5681E1F3383FB000DBFDC /* Token.swift */; };
		03F568211F3386B8000DBFDC /* String+Size.swift in Sources */ = {isa = PBXBuildFile; fileRef = 03F568201F3386B8000DBFDC /* String+Size.swift */; };
		03F568231F3386DF000DBFDC /* UIColor+Hex.swift in Sources */ = {isa = PBXBuildFile; fileRef = 03F568221F3386DF000DBFDC /* UIColor+Hex.swift */; };
		03F568281F338781000DBFDC /* CollectionsVC.swift in Sources */ = {isa = PBXBuildFile; fileRef = 03F568261F338781000DBFDC /* CollectionsVC.swift */; };
		03F568291F338781000DBFDC /* CollectionsVC.xib in Resources */ = {isa = PBXBuildFile; fileRef = 03F568271F338781000DBFDC /* CollectionsVC.xib */; };
		03F5682C1F33D803000DBFDC /* AddQuizCell.swift in Sources */ = {isa = PBXBuildFile; fileRef = 03F5682A1F33D803000DBFDC /* AddQuizCell.swift */; };
		03F5682D1F33D803000DBFDC /* AddQuizCell.xib in Resources */ = {isa = PBXBuildFile; fileRef = 03F5682B1F33D803000DBFDC /* AddQuizCell.xib */; };
		03F568301F33D817000DBFDC /* ScanQRCell.swift in Sources */ = {isa = PBXBuildFile; fileRef = 03F5682E1F33D817000DBFDC /* ScanQRCell.swift */; };
		03F568311F33D817000DBFDC /* ScanQRCell.xib in Resources */ = {isa = PBXBuildFile; fileRef = 03F5682F1F33D817000DBFDC /* ScanQRCell.xib */; };
		03F76EA61F3BC21600A15532 /* GapQuestionCell.swift in Sources */ = {isa = PBXBuildFile; fileRef = 03F76EA41F3BC21600A15532 /* GapQuestionCell.swift */; };
		03F76EA71F3BC21600A15532 /* GapQuestionCell.xib in Resources */ = {isa = PBXBuildFile; fileRef = 03F76EA51F3BC21600A15532 /* GapQuestionCell.xib */; };
		03F76EA91F3BC99400A15532 /* QuestionCellHandler.swift in Sources */ = {isa = PBXBuildFile; fileRef = 03F76EA81F3BC99400A15532 /* QuestionCellHandler.swift */; };
		04256C1B1F387E30006C86B1 /* CreateQuizVC.swift in Sources */ = {isa = PBXBuildFile; fileRef = 04256C1A1F387E30006C86B1 /* CreateQuizVC.swift */; };
		04256C1E1F387E84006C86B1 /* CreateQuizVC.xib in Resources */ = {isa = PBXBuildFile; fileRef = 04256C1D1F387E84006C86B1 /* CreateQuizVC.xib */; };
		04256C201F388181006C86B1 /* QuizHeaderCell.swift in Sources */ = {isa = PBXBuildFile; fileRef = 04256C1F1F388181006C86B1 /* QuizHeaderCell.swift */; };
		04256C221F388196006C86B1 /* QuizQuestionCell.swift in Sources */ = {isa = PBXBuildFile; fileRef = 04256C211F388196006C86B1 /* QuizQuestionCell.swift */; };
		04256C241F3881B5006C86B1 /* QuizHeaderCell.xib in Resources */ = {isa = PBXBuildFile; fileRef = 04256C231F3881B5006C86B1 /* QuizHeaderCell.xib */; };
		04256C261F3881C6006C86B1 /* QuizQuestionCell.xib in Resources */ = {isa = PBXBuildFile; fileRef = 04256C251F3881C6006C86B1 /* QuizQuestionCell.xib */; };
		04256C281F388870006C86B1 /* UnderLinedTextView.swift in Sources */ = {isa = PBXBuildFile; fileRef = 04256C271F388870006C86B1 /* UnderLinedTextView.swift */; };
		04256C2B1F39CD37006C86B1 /* RadioButtonsView.swift in Sources */ = {isa = PBXBuildFile; fileRef = 04256C2A1F39CD37006C86B1 /* RadioButtonsView.swift */; };
		04256C2D1F39CD8C006C86B1 /* RadioCell.swift in Sources */ = {isa = PBXBuildFile; fileRef = 04256C2C1F39CD8C006C86B1 /* RadioCell.swift */; };
		04256C2F1F39CDD8006C86B1 /* RadioCell.xib in Resources */ = {isa = PBXBuildFile; fileRef = 04256C2E1F39CDD8006C86B1 /* RadioCell.xib */; };
		04256C311F39D667006C86B1 /* RadioButtonsView.xib in Resources */ = {isa = PBXBuildFile; fileRef = 04256C301F39D667006C86B1 /* RadioButtonsView.xib */; };
		04256C331F3C577F006C86B1 /* String+TextHeight.swift in Sources */ = {isa = PBXBuildFile; fileRef = 04256C321F3C577F006C86B1 /* String+TextHeight.swift */; };
		04256C351F3CA2B2006C86B1 /* Array+Rearrange.swift in Sources */ = {isa = PBXBuildFile; fileRef = 04256C341F3CA2B2006C86B1 /* Array+Rearrange.swift */; };
		CD6C7355B1C4AE093EDD1E8F /* Pods_Movask.framework in Frameworks */ = {isa = PBXBuildFile; fileRef = ADD8DD89C88C0C32D0D1EA71 /* Pods_Movask.framework */; };
/* End PBXBuildFile section */

/* Begin PBXFileReference section */
		032A153A1F3CE47A00184BA9 /* Movask-Bridging-Header.h */ = {isa = PBXFileReference; lastKnownFileType = sourcecode.c.h; path = "Movask-Bridging-Header.h"; sourceTree = "<group>"; };
		032A15411F3CFABF00184BA9 /* UILabel+Size.swift */ = {isa = PBXFileReference; fileEncoding = 4; lastKnownFileType = sourcecode.swift; path = "UILabel+Size.swift"; sourceTree = "<group>"; };
		033FB5341F3E2682009D6920 /* UIViewController+Keyboard.swift */ = {isa = PBXFileReference; fileEncoding = 4; lastKnownFileType = sourcecode.swift; path = "UIViewController+Keyboard.swift"; sourceTree = "<group>"; };
		03406D421F3A6F5A0035EA67 /* AnimationForwarder.swift */ = {isa = PBXFileReference; fileEncoding = 4; lastKnownFileType = sourcecode.swift; path = AnimationForwarder.swift; sourceTree = "<group>"; };
		03406D441F3A6F730035EA67 /* ASPVideoPlayer.swift */ = {isa = PBXFileReference; fileEncoding = 4; lastKnownFileType = sourcecode.swift; path = ASPVideoPlayer.swift; sourceTree = "<group>"; };
		03406D461F3A6F980035EA67 /* ASPVideoPlayerControls.swift */ = {isa = PBXFileReference; fileEncoding = 4; lastKnownFileType = sourcecode.swift; path = ASPVideoPlayerControls.swift; sourceTree = "<group>"; };
		03406D481F3A6FB90035EA67 /* ASPVideoPlayerView.swift */ = {isa = PBXFileReference; fileEncoding = 4; lastKnownFileType = sourcecode.swift; path = ASPVideoPlayerView.swift; sourceTree = "<group>"; };
		03406D4A1F3A6FE30035EA67 /* ControlButtons.swift */ = {isa = PBXFileReference; fileEncoding = 4; lastKnownFileType = sourcecode.swift; path = ControlButtons.swift; sourceTree = "<group>"; };
		03406D4C1F3A70060035EA67 /* Loader.swift */ = {isa = PBXFileReference; fileEncoding = 4; lastKnownFileType = sourcecode.swift; path = Loader.swift; sourceTree = "<group>"; };
		03406D4E1F3A70150035EA67 /* Math.swift */ = {isa = PBXFileReference; fileEncoding = 4; lastKnownFileType = sourcecode.swift; path = Math.swift; sourceTree = "<group>"; };
		03406D501F3A702F0035EA67 /* PlayPauseLayer.swift */ = {isa = PBXFileReference; fileEncoding = 4; lastKnownFileType = sourcecode.swift; path = PlayPauseLayer.swift; sourceTree = "<group>"; };
		03406D521F3A70490035EA67 /* Scrubber.swift */ = {isa = PBXFileReference; fileEncoding = 4; lastKnownFileType = sourcecode.swift; path = Scrubber.swift; sourceTree = "<group>"; };
		03B8CDDF1F3882610058ABAC /* AnswerCheckboxCell.swift */ = {isa = PBXFileReference; fileEncoding = 4; lastKnownFileType = sourcecode.swift; path = AnswerCheckboxCell.swift; sourceTree = "<group>"; };
		03B8CDE01F3882610058ABAC /* AnswerCheckboxCell.xib */ = {isa = PBXFileReference; fileEncoding = 4; lastKnownFileType = file.xib; path = AnswerCheckboxCell.xib; sourceTree = "<group>"; };
		03B8CDE31F3882960058ABAC /* AnswerTest.swift */ = {isa = PBXFileReference; fileEncoding = 4; lastKnownFileType = sourcecode.swift; path = AnswerTest.swift; sourceTree = "<group>"; };
		03B8CDE51F3883B60058ABAC /* QuestionType.swift */ = {isa = PBXFileReference; fileEncoding = 4; lastKnownFileType = sourcecode.swift; path = QuestionType.swift; sourceTree = "<group>"; };
		03B8CDE91F3886CC0058ABAC /* UIButton+Touches.swift */ = {isa = PBXFileReference; fileEncoding = 4; lastKnownFileType = sourcecode.swift; path = "UIButton+Touches.swift"; sourceTree = "<group>"; };
		03B8CDEB1F3892F70058ABAC /* AnswerSelectionCell.swift */ = {isa = PBXFileReference; fileEncoding = 4; lastKnownFileType = sourcecode.swift; path = AnswerSelectionCell.swift; sourceTree = "<group>"; };
		03B8CDED1F389A790058ABAC /* AnswerRadiobuttonCell.swift */ = {isa = PBXFileReference; fileEncoding = 4; lastKnownFileType = sourcecode.swift; path = AnswerRadiobuttonCell.swift; sourceTree = "<group>"; };
		03B8CDEE1F389A790058ABAC /* AnswerRadiobuttonCell.xib */ = {isa = PBXFileReference; fileEncoding = 4; lastKnownFileType = file.xib; path = AnswerRadiobuttonCell.xib; sourceTree = "<group>"; };
		03B917351F39029200CCB979 /* ReplayButton.swift */ = {isa = PBXFileReference; fileEncoding = 4; lastKnownFileType = sourcecode.swift; path = ReplayButton.swift; sourceTree = "<group>"; };
		03B917371F3902A700CCB979 /* ReplayButton.xib */ = {isa = PBXFileReference; fileEncoding = 4; lastKnownFileType = file.xib; path = ReplayButton.xib; sourceTree = "<group>"; };
		03D646B71F30D2CE007C206F /* Movask.app */ = {isa = PBXFileReference; explicitFileType = wrapper.application; includeInIndex = 0; path = Movask.app; sourceTree = BUILT_PRODUCTS_DIR; };
		03D646BA1F30D2CE007C206F /* AppDelegate.swift */ = {isa = PBXFileReference; lastKnownFileType = sourcecode.swift; path = AppDelegate.swift; sourceTree = "<group>"; };
		03D646BF1F30D2CE007C206F /* Base */ = {isa = PBXFileReference; lastKnownFileType = file.storyboard; name = Base; path = Base.lproj/Main.storyboard; sourceTree = "<group>"; };
		03D646C11F30D2CE007C206F /* Assets.xcassets */ = {isa = PBXFileReference; lastKnownFileType = folder.assetcatalog; path = Assets.xcassets; sourceTree = "<group>"; };
		03D646C41F30D2CE007C206F /* Base */ = {isa = PBXFileReference; lastKnownFileType = file.storyboard; name = Base; path = Base.lproj/LaunchScreen.storyboard; sourceTree = "<group>"; };
		03D646C61F30D2CE007C206F /* Info.plist */ = {isa = PBXFileReference; lastKnownFileType = text.plist.xml; path = Info.plist; sourceTree = "<group>"; };
		03D646CD1F3200D0007C206F /* UIView+Storyboard.swift */ = {isa = PBXFileReference; fileEncoding = 4; lastKnownFileType = sourcecode.swift; path = "UIView+Storyboard.swift"; sourceTree = "<group>"; };
		03D646D11F320119007C206F /* UIWindow+Root.swift */ = {isa = PBXFileReference; fileEncoding = 4; lastKnownFileType = sourcecode.swift; path = "UIWindow+Root.swift"; sourceTree = "<group>"; };
		03D646D41F32018C007C206F /* BasicVC.swift */ = {isa = PBXFileReference; fileEncoding = 4; lastKnownFileType = sourcecode.swift; path = BasicVC.swift; sourceTree = "<group>"; };
		03D646D61F32021F007C206F /* LoadingView.swift */ = {isa = PBXFileReference; fileEncoding = 4; lastKnownFileType = sourcecode.swift; path = LoadingView.swift; sourceTree = "<group>"; };
		03D646D91F32023F007C206F /* LoadingView.xib */ = {isa = PBXFileReference; fileEncoding = 4; lastKnownFileType = file.xib; path = LoadingView.xib; sourceTree = "<group>"; };
		03D646DB1F3202EB007C206F /* MainVC.swift */ = {isa = PBXFileReference; fileEncoding = 4; lastKnownFileType = sourcecode.swift; path = MainVC.swift; sourceTree = "<group>"; };
		03D646DC1F3202EB007C206F /* MainVC.xib */ = {isa = PBXFileReference; fileEncoding = 4; lastKnownFileType = file.xib; path = MainVC.xib; sourceTree = "<group>"; };
		03D646E41F32082F007C206F /* QuizTest.swift */ = {isa = PBXFileReference; fileEncoding = 4; lastKnownFileType = sourcecode.swift; path = QuizTest.swift; sourceTree = "<group>"; };
		03D646E71F32099D007C206F /* ImageCashManager.swift */ = {isa = PBXFileReference; fileEncoding = 4; lastKnownFileType = sourcecode.swift; path = ImageCashManager.swift; sourceTree = "<group>"; };
		03D646EA1F320BC0007C206F /* QuizCell.swift */ = {isa = PBXFileReference; fileEncoding = 4; lastKnownFileType = sourcecode.swift; path = QuizCell.swift; sourceTree = "<group>"; };
		03D646EB1F320BC0007C206F /* QuizCell.xib */ = {isa = PBXFileReference; fileEncoding = 4; lastKnownFileType = file.xib; path = QuizCell.xib; sourceTree = "<group>"; };
		03D646EF1F32183F007C206F /* EventHandler.swift */ = {isa = PBXFileReference; fileEncoding = 4; lastKnownFileType = sourcecode.swift; path = EventHandler.swift; sourceTree = "<group>"; };
		03D646F31F326E12007C206F /* LineSegmentedControl.swift */ = {isa = PBXFileReference; fileEncoding = 4; lastKnownFileType = sourcecode.swift; path = LineSegmentedControl.swift; sourceTree = "<group>"; };
		03D646F51F326E8F007C206F /* LineSegmentedControl.xib */ = {isa = PBXFileReference; fileEncoding = 4; lastKnownFileType = file.xib; path = LineSegmentedControl.xib; sourceTree = "<group>"; };
		03D646F71F326F70007C206F /* LineSegmentedControlCell.swift */ = {isa = PBXFileReference; fileEncoding = 4; lastKnownFileType = sourcecode.swift; path = LineSegmentedControlCell.swift; sourceTree = "<group>"; };
		03D646F91F326F7A007C206F /* LineSegmentedControlCell.xib */ = {isa = PBXFileReference; fileEncoding = 4; lastKnownFileType = file.xib; path = LineSegmentedControlCell.xib; sourceTree = "<group>"; };
		03D646FB1F3271F6007C206F /* LibraryVC.swift */ = {isa = PBXFileReference; fileEncoding = 4; lastKnownFileType = sourcecode.swift; path = LibraryVC.swift; sourceTree = "<group>"; };
		03D646FC1F3271F6007C206F /* LibraryVC.xib */ = {isa = PBXFileReference; fileEncoding = 4; lastKnownFileType = file.xib; path = LibraryVC.xib; sourceTree = "<group>"; };
		03D647011F327564007C206F /* NibView.swift */ = {isa = PBXFileReference; fileEncoding = 4; lastKnownFileType = sourcecode.swift; path = NibView.swift; sourceTree = "<group>"; };
		03D647031F3277A0007C206F /* LevelsVC.swift */ = {isa = PBXFileReference; fileEncoding = 4; lastKnownFileType = sourcecode.swift; path = LevelsVC.swift; sourceTree = "<group>"; };
		03D647041F3277A0007C206F /* LevelsVC.xib */ = {isa = PBXFileReference; fileEncoding = 4; lastKnownFileType = file.xib; path = LevelsVC.xib; sourceTree = "<group>"; };
		03E4AD6B1F34E2D000EAA33A /* QuizPhoneVC.swift */ = {isa = PBXFileReference; fileEncoding = 4; lastKnownFileType = sourcecode.swift; path = QuizPhoneVC.swift; sourceTree = "<group>"; };
		03E4AD6C1F34E2D000EAA33A /* QuizPhoneVC.xib */ = {isa = PBXFileReference; fileEncoding = 4; lastKnownFileType = file.xib; path = QuizPhoneVC.xib; sourceTree = "<group>"; };
		03E4AD701F34E3CA00EAA33A /* QuestionCell.swift */ = {isa = PBXFileReference; fileEncoding = 4; lastKnownFileType = sourcecode.swift; path = QuestionCell.swift; sourceTree = "<group>"; };
		03E4AD711F34E3CA00EAA33A /* QuestionCell.xib */ = {isa = PBXFileReference; fileEncoding = 4; lastKnownFileType = file.xib; path = QuestionCell.xib; sourceTree = "<group>"; };
		03E4AD761F34E46200EAA33A /* QuestionTest.swift */ = {isa = PBXFileReference; fileEncoding = 4; lastKnownFileType = sourcecode.swift; path = QuestionTest.swift; sourceTree = "<group>"; };
		03E4AD781F34F21A00EAA33A /* CollectionViewCenteredLayout.swift */ = {isa = PBXFileReference; fileEncoding = 4; lastKnownFileType = sourcecode.swift; path = CollectionViewCenteredLayout.swift; sourceTree = "<group>"; };
		03E4ADA01F386B6000EAA33A /* Solomon-Sans-Black.otf */ = {isa = PBXFileReference; lastKnownFileType = file; path = "Solomon-Sans-Black.otf"; sourceTree = "<group>"; };
		03E4ADA11F386B6000EAA33A /* Solomon-Sans-Bold.otf */ = {isa = PBXFileReference; lastKnownFileType = file; path = "Solomon-Sans-Bold.otf"; sourceTree = "<group>"; };
		03E4ADA21F386B6000EAA33A /* Solomon-Sans-Book.otf */ = {isa = PBXFileReference; lastKnownFileType = file; path = "Solomon-Sans-Book.otf"; sourceTree = "<group>"; };
		03E4ADA31F386B6000EAA33A /* Solomon-Sans-Light.otf */ = {isa = PBXFileReference; lastKnownFileType = file; path = "Solomon-Sans-Light.otf"; sourceTree = "<group>"; };
		03E4ADA41F386B6000EAA33A /* Solomon-Sans-Normal.otf */ = {isa = PBXFileReference; lastKnownFileType = file; path = "Solomon-Sans-Normal.otf"; sourceTree = "<group>"; };
		03E4ADA51F386B6000EAA33A /* Solomon-Sans-SemiBold.otf */ = {isa = PBXFileReference; lastKnownFileType = file; path = "Solomon-Sans-SemiBold.otf"; sourceTree = "<group>"; };
		03F5680B1F3348B5000DBFDC /* UIApplication+Orientation.swift */ = {isa = PBXFileReference; fileEncoding = 4; lastKnownFileType = sourcecode.swift; path = "UIApplication+Orientation.swift"; sourceTree = "<group>"; };
		03F5680E1F335527000DBFDC /* APIManager.swift */ = {isa = PBXFileReference; fileEncoding = 4; lastKnownFileType = sourcecode.swift; path = APIManager.swift; sourceTree = "<group>"; };
		03F568101F335637000DBFDC /* UserDefaultsManager.swift */ = {isa = PBXFileReference; fileEncoding = 4; lastKnownFileType = sourcecode.swift; path = UserDefaultsManager.swift; sourceTree = "<group>"; };
		03F568121F33602E000DBFDC /* Networking.swift */ = {isa = PBXFileReference; fileEncoding = 4; lastKnownFileType = sourcecode.swift; path = Networking.swift; sourceTree = "<group>"; };
		03F568141F336062000DBFDC /* QRManager.swift */ = {isa = PBXFileReference; fileEncoding = 4; lastKnownFileType = sourcecode.swift; path = QRManager.swift; sourceTree = "<group>"; };
		03F568161F3360AB000DBFDC /* VideoManager.swift */ = {isa = PBXFileReference; fileEncoding = 4; lastKnownFileType = sourcecode.swift; path = VideoManager.swift; sourceTree = "<group>"; };
		03F568181F3360D3000DBFDC /* Constants.swift */ = {isa = PBXFileReference; fileEncoding = 4; lastKnownFileType = sourcecode.swift; path = Constants.swift; sourceTree = "<group>"; };
		03F5681A1F338165000DBFDC /* AuthorizationManager.swift */ = {isa = PBXFileReference; fileEncoding = 4; lastKnownFileType = sourcecode.swift; path = AuthorizationManager.swift; sourceTree = "<group>"; };
		03F5681C1F3383CC000DBFDC /* ICloudModel.swift */ = {isa = PBXFileReference; fileEncoding = 4; lastKnownFileType = sourcecode.swift; path = ICloudModel.swift; sourceTree = "<group>"; };
		03F5681E1F3383FB000DBFDC /* Token.swift */ = {isa = PBXFileReference; fileEncoding = 4; lastKnownFileType = sourcecode.swift; path = Token.swift; sourceTree = "<group>"; };
		03F568201F3386B8000DBFDC /* String+Size.swift */ = {isa = PBXFileReference; fileEncoding = 4; lastKnownFileType = sourcecode.swift; path = "String+Size.swift"; sourceTree = "<group>"; };
		03F568221F3386DF000DBFDC /* UIColor+Hex.swift */ = {isa = PBXFileReference; fileEncoding = 4; lastKnownFileType = sourcecode.swift; path = "UIColor+Hex.swift"; sourceTree = "<group>"; };
		03F568261F338781000DBFDC /* CollectionsVC.swift */ = {isa = PBXFileReference; fileEncoding = 4; lastKnownFileType = sourcecode.swift; path = CollectionsVC.swift; sourceTree = "<group>"; };
		03F568271F338781000DBFDC /* CollectionsVC.xib */ = {isa = PBXFileReference; fileEncoding = 4; lastKnownFileType = file.xib; path = CollectionsVC.xib; sourceTree = "<group>"; };
		03F5682A1F33D803000DBFDC /* AddQuizCell.swift */ = {isa = PBXFileReference; fileEncoding = 4; lastKnownFileType = sourcecode.swift; path = AddQuizCell.swift; sourceTree = "<group>"; };
		03F5682B1F33D803000DBFDC /* AddQuizCell.xib */ = {isa = PBXFileReference; fileEncoding = 4; lastKnownFileType = file.xib; path = AddQuizCell.xib; sourceTree = "<group>"; };
		03F5682E1F33D817000DBFDC /* ScanQRCell.swift */ = {isa = PBXFileReference; fileEncoding = 4; lastKnownFileType = sourcecode.swift; path = ScanQRCell.swift; sourceTree = "<group>"; };
		03F5682F1F33D817000DBFDC /* ScanQRCell.xib */ = {isa = PBXFileReference; fileEncoding = 4; lastKnownFileType = file.xib; path = ScanQRCell.xib; sourceTree = "<group>"; };
		03F76EA41F3BC21600A15532 /* GapQuestionCell.swift */ = {isa = PBXFileReference; fileEncoding = 4; lastKnownFileType = sourcecode.swift; path = GapQuestionCell.swift; sourceTree = "<group>"; };
		03F76EA51F3BC21600A15532 /* GapQuestionCell.xib */ = {isa = PBXFileReference; fileEncoding = 4; lastKnownFileType = file.xib; path = GapQuestionCell.xib; sourceTree = "<group>"; };
		03F76EA81F3BC99400A15532 /* QuestionCellHandler.swift */ = {isa = PBXFileReference; fileEncoding = 4; lastKnownFileType = sourcecode.swift; path = QuestionCellHandler.swift; sourceTree = "<group>"; };
		04256C1A1F387E30006C86B1 /* CreateQuizVC.swift */ = {isa = PBXFileReference; fileEncoding = 4; lastKnownFileType = sourcecode.swift; path = CreateQuizVC.swift; sourceTree = "<group>"; };
		04256C1D1F387E84006C86B1 /* CreateQuizVC.xib */ = {isa = PBXFileReference; fileEncoding = 4; lastKnownFileType = file.xib; path = CreateQuizVC.xib; sourceTree = "<group>"; };
		04256C1F1F388181006C86B1 /* QuizHeaderCell.swift */ = {isa = PBXFileReference; fileEncoding = 4; lastKnownFileType = sourcecode.swift; path = QuizHeaderCell.swift; sourceTree = "<group>"; };
		04256C211F388196006C86B1 /* QuizQuestionCell.swift */ = {isa = PBXFileReference; fileEncoding = 4; lastKnownFileType = sourcecode.swift; path = QuizQuestionCell.swift; sourceTree = "<group>"; };
		04256C231F3881B5006C86B1 /* QuizHeaderCell.xib */ = {isa = PBXFileReference; fileEncoding = 4; lastKnownFileType = file.xib; path = QuizHeaderCell.xib; sourceTree = "<group>"; };
		04256C251F3881C6006C86B1 /* QuizQuestionCell.xib */ = {isa = PBXFileReference; fileEncoding = 4; lastKnownFileType = file.xib; path = QuizQuestionCell.xib; sourceTree = "<group>"; };
		04256C271F388870006C86B1 /* UnderLinedTextView.swift */ = {isa = PBXFileReference; fileEncoding = 4; lastKnownFileType = sourcecode.swift; path = UnderLinedTextView.swift; sourceTree = "<group>"; };
		04256C2A1F39CD37006C86B1 /* RadioButtonsView.swift */ = {isa = PBXFileReference; fileEncoding = 4; lastKnownFileType = sourcecode.swift; path = RadioButtonsView.swift; sourceTree = "<group>"; };
		04256C2C1F39CD8C006C86B1 /* RadioCell.swift */ = {isa = PBXFileReference; fileEncoding = 4; lastKnownFileType = sourcecode.swift; path = RadioCell.swift; sourceTree = "<group>"; };
		04256C2E1F39CDD8006C86B1 /* RadioCell.xib */ = {isa = PBXFileReference; fileEncoding = 4; lastKnownFileType = file.xib; path = RadioCell.xib; sourceTree = "<group>"; };
		04256C301F39D667006C86B1 /* RadioButtonsView.xib */ = {isa = PBXFileReference; fileEncoding = 4; lastKnownFileType = file.xib; path = RadioButtonsView.xib; sourceTree = "<group>"; };
		04256C321F3C577F006C86B1 /* String+TextHeight.swift */ = {isa = PBXFileReference; fileEncoding = 4; lastKnownFileType = sourcecode.swift; path = "String+TextHeight.swift"; sourceTree = "<group>"; };
		04256C341F3CA2B2006C86B1 /* Array+Rearrange.swift */ = {isa = PBXFileReference; fileEncoding = 4; lastKnownFileType = sourcecode.swift; path = "Array+Rearrange.swift"; sourceTree = "<group>"; };
		4E98A7AC960E59B9702AEB84 /* Pods-Movask.release.xcconfig */ = {isa = PBXFileReference; includeInIndex = 1; lastKnownFileType = text.xcconfig; name = "Pods-Movask.release.xcconfig"; path = "Pods/Target Support Files/Pods-Movask/Pods-Movask.release.xcconfig"; sourceTree = "<group>"; };
		86C8F8B01958BC742420DC15 /* Pods-Movask.debug.xcconfig */ = {isa = PBXFileReference; includeInIndex = 1; lastKnownFileType = text.xcconfig; name = "Pods-Movask.debug.xcconfig"; path = "Pods/Target Support Files/Pods-Movask/Pods-Movask.debug.xcconfig"; sourceTree = "<group>"; };
		ADD8DD89C88C0C32D0D1EA71 /* Pods_Movask.framework */ = {isa = PBXFileReference; explicitFileType = wrapper.framework; includeInIndex = 0; path = Pods_Movask.framework; sourceTree = BUILT_PRODUCTS_DIR; };
/* End PBXFileReference section */

/* Begin PBXFrameworksBuildPhase section */
		03D646B41F30D2CE007C206F /* Frameworks */ = {
			isa = PBXFrameworksBuildPhase;
			buildActionMask = 2147483647;
			files = (
				CD6C7355B1C4AE093EDD1E8F /* Pods_Movask.framework in Frameworks */,
			);
			runOnlyForDeploymentPostprocessing = 0;
		};
/* End PBXFrameworksBuildPhase section */

/* Begin PBXGroup section */
		03406D411F3A6F0C0035EA67 /* ASPVideoPlayer */ = {
			isa = PBXGroup;
			children = (
				03406D421F3A6F5A0035EA67 /* AnimationForwarder.swift */,
				03406D441F3A6F730035EA67 /* ASPVideoPlayer.swift */,
				03406D461F3A6F980035EA67 /* ASPVideoPlayerControls.swift */,
				03406D481F3A6FB90035EA67 /* ASPVideoPlayerView.swift */,
				03406D4A1F3A6FE30035EA67 /* ControlButtons.swift */,
				03406D4C1F3A70060035EA67 /* Loader.swift */,
				03406D4E1F3A70150035EA67 /* Math.swift */,
				03406D501F3A702F0035EA67 /* PlayPauseLayer.swift */,
				03406D521F3A70490035EA67 /* Scrubber.swift */,
			);
			name = ASPVideoPlayer;
			sourceTree = "<group>";
		};
		03B8CDE71F3883B90058ABAC /* Enums */ = {
			isa = PBXGroup;
			children = (
				03B8CDE51F3883B60058ABAC /* QuestionType.swift */,
			);
			name = Enums;
			sourceTree = "<group>";
		};
		03B8CDE81F3885580058ABAC /* Fonts */ = {
			isa = PBXGroup;
			children = (
				03E4ADA01F386B6000EAA33A /* Solomon-Sans-Black.otf */,
				03E4ADA11F386B6000EAA33A /* Solomon-Sans-Bold.otf */,
				03E4ADA21F386B6000EAA33A /* Solomon-Sans-Book.otf */,
				03E4ADA31F386B6000EAA33A /* Solomon-Sans-Light.otf */,
				03E4ADA41F386B6000EAA33A /* Solomon-Sans-Normal.otf */,
				03E4ADA51F386B6000EAA33A /* Solomon-Sans-SemiBold.otf */,
			);
			name = Fonts;
			sourceTree = "<group>";
		};
		03B917341F39027200CCB979 /* ReplayButton */ = {
			isa = PBXGroup;
			children = (
				03B917351F39029200CCB979 /* ReplayButton.swift */,
				03B917371F3902A700CCB979 /* ReplayButton.xib */,
			);
			name = ReplayButton;
			sourceTree = "<group>";
		};
		03D646AE1F30D2CE007C206F = {
			isa = PBXGroup;
			children = (
				03D646B91F30D2CE007C206F /* Movask */,
				03D646B81F30D2CE007C206F /* Products */,
				BD744513CEC4D1F770E2D836 /* Pods */,
				4D5EB1E2A759B5F25A0D343A /* Frameworks */,
			);
			sourceTree = "<group>";
		};
		03D646B81F30D2CE007C206F /* Products */ = {
			isa = PBXGroup;
			children = (
				03D646B71F30D2CE007C206F /* Movask.app */,
			);
			name = Products;
			sourceTree = "<group>";
		};
		03D646B91F30D2CE007C206F /* Movask */ = {
			isa = PBXGroup;
			children = (
				03F5680D1F335518000DBFDC /* Server */,
				03D646E61F32098D007C206F /* Managers */,
				03D646E31F32081D007C206F /* Models */,
				03D646E21F320714007C206F /* System */,
				03D646E11F320703007C206F /* Storyboards */,
				03D646E01F3206F3007C206F /* UI Source */,
				03D646D31F320178007C206F /* Controllers */,
				03D646CF1F3200D5007C206F /* Views */,
				03D646D01F3200E2007C206F /* Extensions */,
			);
			path = Movask;
			sourceTree = "<group>";
		};
		03D646CF1F3200D5007C206F /* Views */ = {
			isa = PBXGroup;
			children = (
				03D646D81F320225007C206F /* Custom */,
				03D647011F327564007C206F /* NibView.swift */,
				03E4AD781F34F21A00EAA33A /* CollectionViewCenteredLayout.swift */,
			);
			name = Views;
			sourceTree = "<group>";
		};
		03D646D01F3200E2007C206F /* Extensions */ = {
			isa = PBXGroup;
			children = (
				03D646CD1F3200D0007C206F /* UIView+Storyboard.swift */,
				03D646D11F320119007C206F /* UIWindow+Root.swift */,
				03F5680B1F3348B5000DBFDC /* UIApplication+Orientation.swift */,
				03F568201F3386B8000DBFDC /* String+Size.swift */,
				03F568221F3386DF000DBFDC /* UIColor+Hex.swift */,
				03B8CDE91F3886CC0058ABAC /* UIButton+Touches.swift */,
				032A15411F3CFABF00184BA9 /* UILabel+Size.swift */,
				04256C321F3C577F006C86B1 /* String+TextHeight.swift */,
				04256C341F3CA2B2006C86B1 /* Array+Rearrange.swift */,
				033FB5341F3E2682009D6920 /* UIViewController+Keyboard.swift */,
			);
			name = Extensions;
			sourceTree = "<group>";
		};
		03D646D31F320178007C206F /* Controllers */ = {
			isa = PBXGroup;
			children = (
				03D646D41F32018C007C206F /* BasicVC.swift */,
				03E4AD6F1F34E38700EAA33A /* QuizGame */,
				04256C191F387E12006C86B1 /* QuizCreate */,
				03D646EE1F32182C007C206F /* Protocols */,
				03D646DF1F3202EF007C206F /* Main */,
			);
			name = Controllers;
			sourceTree = "<group>";
		};
		03D646D81F320225007C206F /* Custom */ = {
			isa = PBXGroup;
			children = (
				03406D411F3A6F0C0035EA67 /* ASPVideoPlayer */,
				04256C291F39CD14006C86B1 /* RadioButtons View */,
				03D646F21F326DF1007C206F /* LineSegmentedControl */,
				03D646F11F326DEA007C206F /* LoadingView */,
				03B917341F39027200CCB979 /* ReplayButton */,
				04256C271F388870006C86B1 /* UnderLinedTextView.swift */,
			);
			name = Custom;
			sourceTree = "<group>";
		};
		03D646DF1F3202EF007C206F /* Main */ = {
			isa = PBXGroup;
			children = (
				03E4AD751F34E3FB00EAA33A /* Unused */,
				03F568261F338781000DBFDC /* CollectionsVC.swift */,
				03F568271F338781000DBFDC /* CollectionsVC.xib */,
				03D646E91F320B9F007C206F /* Cells */,
			);
			name = Main;
			sourceTree = "<group>";
		};
		03D646E01F3206F3007C206F /* UI Source */ = {
			isa = PBXGroup;
			children = (
				03D646C11F30D2CE007C206F /* Assets.xcassets */,
				03B8CDE81F3885580058ABAC /* Fonts */,
			);
			name = "UI Source";
			sourceTree = "<group>";
		};
		03D646E11F320703007C206F /* Storyboards */ = {
			isa = PBXGroup;
			children = (
				03D646BE1F30D2CE007C206F /* Main.storyboard */,
				03D646C31F30D2CE007C206F /* LaunchScreen.storyboard */,
			);
			name = Storyboards;
			sourceTree = "<group>";
		};
		03D646E21F320714007C206F /* System */ = {
			isa = PBXGroup;
			children = (
				03D646BA1F30D2CE007C206F /* AppDelegate.swift */,
				03D646C61F30D2CE007C206F /* Info.plist */,
				03F568181F3360D3000DBFDC /* Constants.swift */,
				032A153A1F3CE47A00184BA9 /* Movask-Bridging-Header.h */,
			);
			name = System;
			sourceTree = "<group>";
		};
		03D646E31F32081D007C206F /* Models */ = {
			isa = PBXGroup;
			children = (
				03D646E41F32082F007C206F /* QuizTest.swift */,
				03E4AD761F34E46200EAA33A /* QuestionTest.swift */,
				03B8CDE31F3882960058ABAC /* AnswerTest.swift */,
				03F5681C1F3383CC000DBFDC /* ICloudModel.swift */,
				03F5681E1F3383FB000DBFDC /* Token.swift */,
				03B8CDE71F3883B90058ABAC /* Enums */,
			);
			name = Models;
			sourceTree = "<group>";
		};
		03D646E61F32098D007C206F /* Managers */ = {
			isa = PBXGroup;
			children = (
				03D646E71F32099D007C206F /* ImageCashManager.swift */,
				03F568101F335637000DBFDC /* UserDefaultsManager.swift */,
				03F568141F336062000DBFDC /* QRManager.swift */,
				03F568161F3360AB000DBFDC /* VideoManager.swift */,
				03F5681A1F338165000DBFDC /* AuthorizationManager.swift */,
			);
			name = Managers;
			sourceTree = "<group>";
		};
		03D646E91F320B9F007C206F /* Cells */ = {
			isa = PBXGroup;
			children = (
				03D646EA1F320BC0007C206F /* QuizCell.swift */,
				03D646EB1F320BC0007C206F /* QuizCell.xib */,
				03F5682A1F33D803000DBFDC /* AddQuizCell.swift */,
				03F5682B1F33D803000DBFDC /* AddQuizCell.xib */,
				03F5682E1F33D817000DBFDC /* ScanQRCell.swift */,
				03F5682F1F33D817000DBFDC /* ScanQRCell.xib */,
			);
			name = Cells;
			sourceTree = "<group>";
		};
		03D646EE1F32182C007C206F /* Protocols */ = {
			isa = PBXGroup;
			children = (
				03D646EF1F32183F007C206F /* EventHandler.swift */,
			);
			name = Protocols;
			sourceTree = "<group>";
		};
		03D646F11F326DEA007C206F /* LoadingView */ = {
			isa = PBXGroup;
			children = (
				03D646D61F32021F007C206F /* LoadingView.swift */,
				03D646D91F32023F007C206F /* LoadingView.xib */,
			);
			name = LoadingView;
			sourceTree = "<group>";
		};
		03D646F21F326DF1007C206F /* LineSegmentedControl */ = {
			isa = PBXGroup;
			children = (
				03D646F31F326E12007C206F /* LineSegmentedControl.swift */,
				03D646F51F326E8F007C206F /* LineSegmentedControl.xib */,
				03D646F71F326F70007C206F /* LineSegmentedControlCell.swift */,
				03D646F91F326F7A007C206F /* LineSegmentedControlCell.xib */,
			);
			name = LineSegmentedControl;
			sourceTree = "<group>";
		};
		03E4AD6F1F34E38700EAA33A /* QuizGame */ = {
			isa = PBXGroup;
			children = (
				03E4AD6B1F34E2D000EAA33A /* QuizPhoneVC.swift */,
				03E4AD6C1F34E2D000EAA33A /* QuizPhoneVC.xib */,
				03E4AD741F34E3EC00EAA33A /* Cells */,
			);
			name = QuizGame;
			sourceTree = "<group>";
		};
		03E4AD741F34E3EC00EAA33A /* Cells */ = {
			isa = PBXGroup;
			children = (
				03F76EAA1F3BCB1900A15532 /* Protocols */,
				03E4AD701F34E3CA00EAA33A /* QuestionCell.swift */,
				03E4AD711F34E3CA00EAA33A /* QuestionCell.xib */,
				03F76EA41F3BC21600A15532 /* GapQuestionCell.swift */,
				03F76EA51F3BC21600A15532 /* GapQuestionCell.xib */,
				03B8CDEB1F3892F70058ABAC /* AnswerSelectionCell.swift */,
				03B8CDDF1F3882610058ABAC /* AnswerCheckboxCell.swift */,
				03B8CDE01F3882610058ABAC /* AnswerCheckboxCell.xib */,
				03B8CDED1F389A790058ABAC /* AnswerRadiobuttonCell.swift */,
				03B8CDEE1F389A790058ABAC /* AnswerRadiobuttonCell.xib */,
			);
			name = Cells;
			sourceTree = "<group>";
		};
		03E4AD751F34E3FB00EAA33A /* Unused */ = {
			isa = PBXGroup;
			children = (
				03D646DB1F3202EB007C206F /* MainVC.swift */,
				03D646DC1F3202EB007C206F /* MainVC.xib */,
				03D646FB1F3271F6007C206F /* LibraryVC.swift */,
				03D646FC1F3271F6007C206F /* LibraryVC.xib */,
				03D647031F3277A0007C206F /* LevelsVC.swift */,
				03D647041F3277A0007C206F /* LevelsVC.xib */,
			);
			name = Unused;
			sourceTree = "<group>";
		};
		03F5680D1F335518000DBFDC /* Server */ = {
			isa = PBXGroup;
			children = (
				03F5680E1F335527000DBFDC /* APIManager.swift */,
				03F568121F33602E000DBFDC /* Networking.swift */,
			);
			name = Server;
			sourceTree = "<group>";
		};
		03F76EAA1F3BCB1900A15532 /* Protocols */ = {
			isa = PBXGroup;
			children = (
				03F76EA81F3BC99400A15532 /* QuestionCellHandler.swift */,
			);
			name = Protocols;
			sourceTree = "<group>";
		};
		04256C191F387E12006C86B1 /* QuizCreate */ = {
			isa = PBXGroup;
			children = (
				04256C1A1F387E30006C86B1 /* CreateQuizVC.swift */,
				04256C1D1F387E84006C86B1 /* CreateQuizVC.xib */,
				04256C1C1F387E3A006C86B1 /* Cells */,
			);
			name = QuizCreate;
			sourceTree = "<group>";
		};
		04256C1C1F387E3A006C86B1 /* Cells */ = {
			isa = PBXGroup;
			children = (
				04256C1F1F388181006C86B1 /* QuizHeaderCell.swift */,
				04256C231F3881B5006C86B1 /* QuizHeaderCell.xib */,
				04256C211F388196006C86B1 /* QuizQuestionCell.swift */,
				04256C251F3881C6006C86B1 /* QuizQuestionCell.xib */,
			);
			name = Cells;
			sourceTree = "<group>";
		};
		04256C291F39CD14006C86B1 /* RadioButtons View */ = {
			isa = PBXGroup;
			children = (
				04256C2A1F39CD37006C86B1 /* RadioButtonsView.swift */,
				04256C301F39D667006C86B1 /* RadioButtonsView.xib */,
				04256C2C1F39CD8C006C86B1 /* RadioCell.swift */,
				04256C2E1F39CDD8006C86B1 /* RadioCell.xib */,
			);
			name = "RadioButtons View";
			sourceTree = "<group>";
		};
		4D5EB1E2A759B5F25A0D343A /* Frameworks */ = {
			isa = PBXGroup;
			children = (
				ADD8DD89C88C0C32D0D1EA71 /* Pods_Movask.framework */,
			);
			name = Frameworks;
			sourceTree = "<group>";
		};
		BD744513CEC4D1F770E2D836 /* Pods */ = {
			isa = PBXGroup;
			children = (
				86C8F8B01958BC742420DC15 /* Pods-Movask.debug.xcconfig */,
				4E98A7AC960E59B9702AEB84 /* Pods-Movask.release.xcconfig */,
			);
			name = Pods;
			sourceTree = "<group>";
		};
/* End PBXGroup section */

/* Begin PBXNativeTarget section */
		03D646B61F30D2CE007C206F /* Movask */ = {
			isa = PBXNativeTarget;
			buildConfigurationList = 03D646C91F30D2CE007C206F /* Build configuration list for PBXNativeTarget "Movask" */;
			buildPhases = (
				1378413F2A1AE8F0D2D3C90F /* [CP] Check Pods Manifest.lock */,
				03D646B31F30D2CE007C206F /* Sources */,
				03D646B41F30D2CE007C206F /* Frameworks */,
				03D646B51F30D2CE007C206F /* Resources */,
				50133AEA52C17AE8FF363865 /* [CP] Embed Pods Frameworks */,
				1804470644D0F0917DCD97F3 /* [CP] Copy Pods Resources */,
				03D646CC1F30D579007C206F /* Fabric */,
			);
			buildRules = (
			);
			dependencies = (
			);
			name = Movask;
			productName = Movask;
			productReference = 03D646B71F30D2CE007C206F /* Movask.app */;
			productType = "com.apple.product-type.application";
		};
/* End PBXNativeTarget section */

/* Begin PBXProject section */
		03D646AF1F30D2CE007C206F /* Project object */ = {
			isa = PBXProject;
			attributes = {
				LastSwiftUpdateCheck = 0830;
				LastUpgradeCheck = 0830;
				ORGANIZATIONNAME = "Alina Yehorova";
				TargetAttributes = {
					03D646B61F30D2CE007C206F = {
						CreatedOnToolsVersion = 8.3.3;
						DevelopmentTeam = 47NU3T65A7;
						LastSwiftMigration = 0830;
						ProvisioningStyle = Automatic;
					};
				};
			};
			buildConfigurationList = 03D646B21F30D2CE007C206F /* Build configuration list for PBXProject "Movask" */;
			compatibilityVersion = "Xcode 3.2";
			developmentRegion = English;
			hasScannedForEncodings = 0;
			knownRegions = (
				en,
				Base,
			);
			mainGroup = 03D646AE1F30D2CE007C206F;
			productRefGroup = 03D646B81F30D2CE007C206F /* Products */;
			projectDirPath = "";
			projectRoot = "";
			targets = (
				03D646B61F30D2CE007C206F /* Movask */,
			);
		};
/* End PBXProject section */

/* Begin PBXResourcesBuildPhase section */
		03D646B51F30D2CE007C206F /* Resources */ = {
			isa = PBXResourcesBuildPhase;
			buildActionMask = 2147483647;
			files = (
				03E4ADA61F386B6000EAA33A /* Solomon-Sans-Black.otf in Resources */,
				04256C261F3881C6006C86B1 /* QuizQuestionCell.xib in Resources */,
				04256C2F1F39CDD8006C86B1 /* RadioCell.xib in Resources */,
				03D646F61F326E8F007C206F /* LineSegmentedControl.xib in Resources */,
				03F568311F33D817000DBFDC /* ScanQRCell.xib in Resources */,
				04256C241F3881B5006C86B1 /* QuizHeaderCell.xib in Resources */,
				03E4AD6E1F34E2D000EAA33A /* QuizPhoneVC.xib in Resources */,
				03E4ADA91F386B6000EAA33A /* Solomon-Sans-Light.otf in Resources */,
				03E4ADA71F386B6000EAA33A /* Solomon-Sans-Bold.otf in Resources */,
				03B8CDE21F3882610058ABAC /* AnswerCheckboxCell.xib in Resources */,
				03E4ADAB1F386B6000EAA33A /* Solomon-Sans-SemiBold.otf in Resources */,
				03F76EA71F3BC21600A15532 /* GapQuestionCell.xib in Resources */,
				03D646DE1F3202EB007C206F /* MainVC.xib in Resources */,
				03B8CDF01F389A790058ABAC /* AnswerRadiobuttonCell.xib in Resources */,
				03B917381F3902A700CCB979 /* ReplayButton.xib in Resources */,
				03F568291F338781000DBFDC /* CollectionsVC.xib in Resources */,
				03E4ADA81F386B6000EAA33A /* Solomon-Sans-Book.otf in Resources */,
				04256C1E1F387E84006C86B1 /* CreateQuizVC.xib in Resources */,
				03D646FE1F3271F6007C206F /* LibraryVC.xib in Resources */,
				03D647061F3277A0007C206F /* LevelsVC.xib in Resources */,
				03E4AD731F34E3CA00EAA33A /* QuestionCell.xib in Resources */,
				03D646FA1F326F7A007C206F /* LineSegmentedControlCell.xib in Resources */,
				03E4ADAA1F386B6000EAA33A /* Solomon-Sans-Normal.otf in Resources */,
				03F5682D1F33D803000DBFDC /* AddQuizCell.xib in Resources */,
				03D646C51F30D2CE007C206F /* LaunchScreen.storyboard in Resources */,
				03D646ED1F320BC0007C206F /* QuizCell.xib in Resources */,
				03D646DA1F32023F007C206F /* LoadingView.xib in Resources */,
				04256C311F39D667006C86B1 /* RadioButtonsView.xib in Resources */,
				03D646C21F30D2CE007C206F /* Assets.xcassets in Resources */,
				03D646C01F30D2CE007C206F /* Main.storyboard in Resources */,
			);
			runOnlyForDeploymentPostprocessing = 0;
		};
/* End PBXResourcesBuildPhase section */

/* Begin PBXShellScriptBuildPhase section */
		03D646CC1F30D579007C206F /* Fabric */ = {
			isa = PBXShellScriptBuildPhase;
			buildActionMask = 2147483647;
			files = (
			);
			inputPaths = (
			);
			name = Fabric;
			outputPaths = (
			);
			runOnlyForDeploymentPostprocessing = 0;
			shellPath = /bin/sh;
			shellScript = "\"${PODS_ROOT}/Fabric/run\" 0ead8f9e6aa2d15ecb6da97f6f609777cf1bb874 9d27dc328eda34fd5471f15d296e4badbe0eb922a16153ce294a40ba5aeb0b7c";
		};
		1378413F2A1AE8F0D2D3C90F /* [CP] Check Pods Manifest.lock */ = {
			isa = PBXShellScriptBuildPhase;
			buildActionMask = 2147483647;
			files = (
			);
			inputPaths = (
			);
			name = "[CP] Check Pods Manifest.lock";
			outputPaths = (
			);
			runOnlyForDeploymentPostprocessing = 0;
			shellPath = /bin/sh;
			shellScript = "diff \"${PODS_ROOT}/../Podfile.lock\" \"${PODS_ROOT}/Manifest.lock\" > /dev/null\nif [ $? != 0 ] ; then\n    # print error to STDERR\n    echo \"error: The sandbox is not in sync with the Podfile.lock. Run 'pod install' or update your CocoaPods installation.\" >&2\n    exit 1\nfi\n";
			showEnvVarsInLog = 0;
		};
		1804470644D0F0917DCD97F3 /* [CP] Copy Pods Resources */ = {
			isa = PBXShellScriptBuildPhase;
			buildActionMask = 2147483647;
			files = (
			);
			inputPaths = (
			);
			name = "[CP] Copy Pods Resources";
			outputPaths = (
			);
			runOnlyForDeploymentPostprocessing = 0;
			shellPath = /bin/sh;
			shellScript = "\"${SRCROOT}/Pods/Target Support Files/Pods-Movask/Pods-Movask-resources.sh\"\n";
			showEnvVarsInLog = 0;
		};
		50133AEA52C17AE8FF363865 /* [CP] Embed Pods Frameworks */ = {
			isa = PBXShellScriptBuildPhase;
			buildActionMask = 2147483647;
			files = (
			);
			inputPaths = (
			);
			name = "[CP] Embed Pods Frameworks";
			outputPaths = (
			);
			runOnlyForDeploymentPostprocessing = 0;
			shellPath = /bin/sh;
			shellScript = "\"${SRCROOT}/Pods/Target Support Files/Pods-Movask/Pods-Movask-frameworks.sh\"\n";
			showEnvVarsInLog = 0;
		};
/* End PBXShellScriptBuildPhase section */

/* Begin PBXSourcesBuildPhase section */
		03D646B31F30D2CE007C206F /* Sources */ = {
			isa = PBXSourcesBuildPhase;
			buildActionMask = 2147483647;
			files = (
				03F5681B1F338165000DBFDC /* AuthorizationManager.swift in Sources */,
				03406D531F3A70490035EA67 /* Scrubber.swift in Sources */,
				032A15421F3CFABF00184BA9 /* UILabel+Size.swift in Sources */,
				033FB5351F3E2682009D6920 /* UIViewController+Keyboard.swift in Sources */,
				03F568211F3386B8000DBFDC /* String+Size.swift in Sources */,
				03E4AD791F34F21A00EAA33A /* CollectionViewCenteredLayout.swift in Sources */,
				03F5681F1F3383FB000DBFDC /* Token.swift in Sources */,
				03F76EA91F3BC99400A15532 /* QuestionCellHandler.swift in Sources */,
				03F568301F33D817000DBFDC /* ScanQRCell.swift in Sources */,
				03B8CDEC1F3892F70058ABAC /* AnswerSelectionCell.swift in Sources */,
				03F76EA61F3BC21600A15532 /* GapQuestionCell.swift in Sources */,
				03F568231F3386DF000DBFDC /* UIColor+Hex.swift in Sources */,
				03E4AD721F34E3CA00EAA33A /* QuestionCell.swift in Sources */,
				03F568131F33602E000DBFDC /* Networking.swift in Sources */,
				03406D451F3A6F730035EA67 /* ASPVideoPlayer.swift in Sources */,
				03F568191F3360D3000DBFDC /* Constants.swift in Sources */,
				03406D4F1F3A70150035EA67 /* Math.swift in Sources */,
				04256C221F388196006C86B1 /* QuizQuestionCell.swift in Sources */,
				03D646EC1F320BC0007C206F /* QuizCell.swift in Sources */,
				03D646CE1F3200D0007C206F /* UIView+Storyboard.swift in Sources */,
				03F5681D1F3383CC000DBFDC /* ICloudModel.swift in Sources */,
				03406D511F3A702F0035EA67 /* PlayPauseLayer.swift in Sources */,
				03D646DD1F3202EB007C206F /* MainVC.swift in Sources */,
				03D647051F3277A0007C206F /* LevelsVC.swift in Sources */,
				03D646BB1F30D2CE007C206F /* AppDelegate.swift in Sources */,
				03B8CDE41F3882960058ABAC /* AnswerTest.swift in Sources */,
				03406D4D1F3A70060035EA67 /* Loader.swift in Sources */,
				03406D4B1F3A6FE30035EA67 /* ControlButtons.swift in Sources */,
				03D646E51F32082F007C206F /* QuizTest.swift in Sources */,
				04256C351F3CA2B2006C86B1 /* Array+Rearrange.swift in Sources */,
				04256C2D1F39CD8C006C86B1 /* RadioCell.swift in Sources */,
				03E4AD6D1F34E2D000EAA33A /* QuizPhoneVC.swift in Sources */,
				03E4AD771F34E46200EAA33A /* QuestionTest.swift in Sources */,
				03D646D51F32018C007C206F /* BasicVC.swift in Sources */,
				03F5682C1F33D803000DBFDC /* AddQuizCell.swift in Sources */,
				03D647021F327564007C206F /* NibView.swift in Sources */,
				03D646F81F326F70007C206F /* LineSegmentedControlCell.swift in Sources */,
				03D646D21F320119007C206F /* UIWindow+Root.swift in Sources */,
				03F5680C1F3348B5000DBFDC /* UIApplication+Orientation.swift in Sources */,
				03D646E81F32099D007C206F /* ImageCashManager.swift in Sources */,
				03F5680F1F335527000DBFDC /* APIManager.swift in Sources */,
				03406D471F3A6F980035EA67 /* ASPVideoPlayerControls.swift in Sources */,
				03D646FD1F3271F6007C206F /* LibraryVC.swift in Sources */,
				03B8CDE11F3882610058ABAC /* AnswerCheckboxCell.swift in Sources */,
				03B8CDE61F3883B60058ABAC /* QuestionType.swift in Sources */,
				03F568111F335637000DBFDC /* UserDefaultsManager.swift in Sources */,
				04256C281F388870006C86B1 /* UnderLinedTextView.swift in Sources */,
				03F568151F336062000DBFDC /* QRManager.swift in Sources */,
				04256C331F3C577F006C86B1 /* String+TextHeight.swift in Sources */,
				03B917361F39029200CCB979 /* ReplayButton.swift in Sources */,
				03B8CDEF1F389A790058ABAC /* AnswerRadiobuttonCell.swift in Sources */,
				04256C201F388181006C86B1 /* QuizHeaderCell.swift in Sources */,
				04256C2B1F39CD37006C86B1 /* RadioButtonsView.swift in Sources */,
				03F568171F3360AB000DBFDC /* VideoManager.swift in Sources */,
				03D646D71F32021F007C206F /* LoadingView.swift in Sources */,
				03D646F41F326E12007C206F /* LineSegmentedControl.swift in Sources */,
				03B8CDEA1F3886CC0058ABAC /* UIButton+Touches.swift in Sources */,
				03F568281F338781000DBFDC /* CollectionsVC.swift in Sources */,
				04256C1B1F387E30006C86B1 /* CreateQuizVC.swift in Sources */,
				03D646F01F32183F007C206F /* EventHandler.swift in Sources */,
				03406D491F3A6FB90035EA67 /* ASPVideoPlayerView.swift in Sources */,
				03406D431F3A6F5A0035EA67 /* AnimationForwarder.swift in Sources */,
			);
			runOnlyForDeploymentPostprocessing = 0;
		};
/* End PBXSourcesBuildPhase section */

/* Begin PBXVariantGroup section */
		03D646BE1F30D2CE007C206F /* Main.storyboard */ = {
			isa = PBXVariantGroup;
			children = (
				03D646BF1F30D2CE007C206F /* Base */,
			);
			name = Main.storyboard;
			sourceTree = "<group>";
		};
		03D646C31F30D2CE007C206F /* LaunchScreen.storyboard */ = {
			isa = PBXVariantGroup;
			children = (
				03D646C41F30D2CE007C206F /* Base */,
			);
			name = LaunchScreen.storyboard;
			sourceTree = "<group>";
		};
/* End PBXVariantGroup section */

/* Begin XCBuildConfiguration section */
		03D646C71F30D2CE007C206F /* Debug */ = {
			isa = XCBuildConfiguration;
			buildSettings = {
				ALWAYS_SEARCH_USER_PATHS = NO;
				CLANG_ANALYZER_NONNULL = YES;
				CLANG_ANALYZER_NUMBER_OBJECT_CONVERSION = YES_AGGRESSIVE;
				CLANG_CXX_LANGUAGE_STANDARD = "gnu++0x";
				CLANG_CXX_LIBRARY = "libc++";
				CLANG_ENABLE_MODULES = YES;
				CLANG_ENABLE_OBJC_ARC = YES;
				CLANG_WARN_BOOL_CONVERSION = YES;
				CLANG_WARN_CONSTANT_CONVERSION = YES;
				CLANG_WARN_DIRECT_OBJC_ISA_USAGE = YES_ERROR;
				CLANG_WARN_DOCUMENTATION_COMMENTS = YES;
				CLANG_WARN_EMPTY_BODY = YES;
				CLANG_WARN_ENUM_CONVERSION = YES;
				CLANG_WARN_INFINITE_RECURSION = YES;
				CLANG_WARN_INT_CONVERSION = YES;
				CLANG_WARN_OBJC_ROOT_CLASS = YES_ERROR;
				CLANG_WARN_SUSPICIOUS_MOVE = YES;
				CLANG_WARN_UNREACHABLE_CODE = YES;
				CLANG_WARN__DUPLICATE_METHOD_MATCH = YES;
				"CODE_SIGN_IDENTITY[sdk=iphoneos*]" = "iPhone Developer";
				COPY_PHASE_STRIP = NO;
				DEBUG_INFORMATION_FORMAT = dwarf;
				ENABLE_STRICT_OBJC_MSGSEND = YES;
				ENABLE_TESTABILITY = YES;
				GCC_C_LANGUAGE_STANDARD = gnu99;
				GCC_DYNAMIC_NO_PIC = NO;
				GCC_NO_COMMON_BLOCKS = YES;
				GCC_OPTIMIZATION_LEVEL = 0;
				GCC_PREPROCESSOR_DEFINITIONS = (
					"DEBUG=1",
					"$(inherited)",
				);
				GCC_WARN_64_TO_32_BIT_CONVERSION = YES;
				GCC_WARN_ABOUT_RETURN_TYPE = YES_ERROR;
				GCC_WARN_UNDECLARED_SELECTOR = YES;
				GCC_WARN_UNINITIALIZED_AUTOS = YES_AGGRESSIVE;
				GCC_WARN_UNUSED_FUNCTION = YES;
				GCC_WARN_UNUSED_VARIABLE = YES;
				IPHONEOS_DEPLOYMENT_TARGET = 10.3;
				MTL_ENABLE_DEBUG_INFO = YES;
				ONLY_ACTIVE_ARCH = YES;
				SDKROOT = iphoneos;
				SWIFT_ACTIVE_COMPILATION_CONDITIONS = DEBUG;
				SWIFT_OPTIMIZATION_LEVEL = "-Onone";
				TARGETED_DEVICE_FAMILY = "1,2";
			};
			name = Debug;
		};
		03D646C81F30D2CE007C206F /* Release */ = {
			isa = XCBuildConfiguration;
			buildSettings = {
				ALWAYS_SEARCH_USER_PATHS = NO;
				CLANG_ANALYZER_NONNULL = YES;
				CLANG_ANALYZER_NUMBER_OBJECT_CONVERSION = YES_AGGRESSIVE;
				CLANG_CXX_LANGUAGE_STANDARD = "gnu++0x";
				CLANG_CXX_LIBRARY = "libc++";
				CLANG_ENABLE_MODULES = YES;
				CLANG_ENABLE_OBJC_ARC = YES;
				CLANG_WARN_BOOL_CONVERSION = YES;
				CLANG_WARN_CONSTANT_CONVERSION = YES;
				CLANG_WARN_DIRECT_OBJC_ISA_USAGE = YES_ERROR;
				CLANG_WARN_DOCUMENTATION_COMMENTS = YES;
				CLANG_WARN_EMPTY_BODY = YES;
				CLANG_WARN_ENUM_CONVERSION = YES;
				CLANG_WARN_INFINITE_RECURSION = YES;
				CLANG_WARN_INT_CONVERSION = YES;
				CLANG_WARN_OBJC_ROOT_CLASS = YES_ERROR;
				CLANG_WARN_SUSPICIOUS_MOVE = YES;
				CLANG_WARN_UNREACHABLE_CODE = YES;
				CLANG_WARN__DUPLICATE_METHOD_MATCH = YES;
				"CODE_SIGN_IDENTITY[sdk=iphoneos*]" = "iPhone Developer";
				COPY_PHASE_STRIP = NO;
				DEBUG_INFORMATION_FORMAT = "dwarf-with-dsym";
				ENABLE_NS_ASSERTIONS = NO;
				ENABLE_STRICT_OBJC_MSGSEND = YES;
				GCC_C_LANGUAGE_STANDARD = gnu99;
				GCC_NO_COMMON_BLOCKS = YES;
				GCC_WARN_64_TO_32_BIT_CONVERSION = YES;
				GCC_WARN_ABOUT_RETURN_TYPE = YES_ERROR;
				GCC_WARN_UNDECLARED_SELECTOR = YES;
				GCC_WARN_UNINITIALIZED_AUTOS = YES_AGGRESSIVE;
				GCC_WARN_UNUSED_FUNCTION = YES;
				GCC_WARN_UNUSED_VARIABLE = YES;
				IPHONEOS_DEPLOYMENT_TARGET = 10.3;
				MTL_ENABLE_DEBUG_INFO = NO;
				SDKROOT = iphoneos;
				SWIFT_OPTIMIZATION_LEVEL = "-Owholemodule";
				TARGETED_DEVICE_FAMILY = "1,2";
				VALIDATE_PRODUCT = YES;
			};
			name = Release;
		};
		03D646CA1F30D2CE007C206F /* Debug */ = {
			isa = XCBuildConfiguration;
			baseConfigurationReference = 86C8F8B01958BC742420DC15 /* Pods-Movask.debug.xcconfig */;
			buildSettings = {
				ASSETCATALOG_COMPILER_APPICON_NAME = AppIcon;
				CLANG_ENABLE_MODULES = YES;
				DEBUG_INFORMATION_FORMAT = "dwarf-with-dsym";
				DEVELOPMENT_TEAM = 47NU3T65A7;
				INFOPLIST_FILE = Movask/Info.plist;
				LD_RUNPATH_SEARCH_PATHS = "$(inherited) @executable_path/Frameworks";
				PRODUCT_BUNDLE_IDENTIFIER = MB.Videoquiz;
				PRODUCT_NAME = "$(TARGET_NAME)";
				SWIFT_OBJC_BRIDGING_HEADER = "Movask/Movask-Bridging-Header.h";
				SWIFT_OPTIMIZATION_LEVEL = "-Onone";
				SWIFT_VERSION = 3.0;
			};
			name = Debug;
		};
		03D646CB1F30D2CE007C206F /* Release */ = {
			isa = XCBuildConfiguration;
			baseConfigurationReference = 4E98A7AC960E59B9702AEB84 /* Pods-Movask.release.xcconfig */;
			buildSettings = {
				ASSETCATALOG_COMPILER_APPICON_NAME = AppIcon;
				CLANG_ENABLE_MODULES = YES;
				DEVELOPMENT_TEAM = 47NU3T65A7;
				INFOPLIST_FILE = Movask/Info.plist;
				LD_RUNPATH_SEARCH_PATHS = "$(inherited) @executable_path/Frameworks";
				PRODUCT_BUNDLE_IDENTIFIER = MB.Videoquiz;
				PRODUCT_NAME = "$(TARGET_NAME)";
				SWIFT_OBJC_BRIDGING_HEADER = "Movask/Movask-Bridging-Header.h";
				SWIFT_VERSION = 3.0;
			};
			name = Release;
		};
/* End XCBuildConfiguration section */

/* Begin XCConfigurationList section */
		03D646B21F30D2CE007C206F /* Build configuration list for PBXProject "Movask" */ = {
			isa = XCConfigurationList;
			buildConfigurations = (
				03D646C71F30D2CE007C206F /* Debug */,
				03D646C81F30D2CE007C206F /* Release */,
			);
			defaultConfigurationIsVisible = 0;
			defaultConfigurationName = Release;
		};
		03D646C91F30D2CE007C206F /* Build configuration list for PBXNativeTarget "Movask" */ = {
			isa = XCConfigurationList;
			buildConfigurations = (
				03D646CA1F30D2CE007C206F /* Debug */,
				03D646CB1F30D2CE007C206F /* Release */,
			);
			defaultConfigurationIsVisible = 0;
			defaultConfigurationName = Release;
		};
/* End XCConfigurationList section */
	};
	rootObject = 03D646AF1F30D2CE007C206F /* Project object */;
}
